
Microsoft Visual Studio Solution File, Format Version 12.00
# Visual Studio Version 16
VisualStudioVersion = 16.0.31605.320
MinimumVisualStudioVersion = 10.0.40219.1
Project("{FAE04EC0-301F-11D3-BF4B-00C04F79EFBC}") = "Book_My_Show", "Book_My_Show\Book_My_Show.csproj", "{23353F56-A62F-413C-BE10-2D0629277DBA}"
EndProject
Global
	GlobalSection(SolutionConfigurationPlatforms) = preSolution
		Debug|Any CPU = Debug|Any CPU
		Release|Any CPU = Release|Any CPU
	EndGlobalSection
	GlobalSection(ProjectConfigurationPlatforms) = postSolution
		{23353F56-A62F-413C-BE10-2D0629277DBA}.Debug|Any CPU.ActiveCfg = Debug|Any CPU
		{23353F56-A62F-413C-BE10-2D0629277DBA}.Debug|Any CPU.Build.0 = Debug|Any CPU
		{23353F56-A62F-413C-BE10-2D0629277DBA}.Release|Any CPU.ActiveCfg = Release|Any CPU
		{23353F56-A62F-413C-BE10-2D0629277DBA}.Release|Any CPU.Build.0 = Release|Any CPU
	EndGlobalSection
	GlobalSection(SolutionProperties) = preSolution
		HideSolutionNode = FALSE
	EndGlobalSection
	GlobalSection(ExtensibilityGlobals) = postSolution
		SolutionGuid = {A131724E-771A-4615-B6DA-7EB33D8069BA}
	EndGlobalSection
EndGlobal
